
Microsoft Visual Studio Solution File, Format Version 12.00
# Visual Studio Version 17
VisualStudioVersion = 17.5.33414.496
MinimumVisualStudioVersion = 10.0.40219.1
Project("{FAE04EC0-301F-11D3-BF4B-00C04F79EFBC}") = "WebApplication2", "WebApplication2\WebApplication2.csproj", "{D32B7113-D99C-4CA9-B400-7644B434898F}"
EndProject
Global
	GlobalSection(SolutionConfigurationPlatforms) = preSolution
		Debug|Any CPU = Debug|Any CPU
		Release|Any CPU = Release|Any CPU
	EndGlobalSection
	GlobalSection(ProjectConfigurationPlatforms) = postSolution
		{D32B7113-D99C-4CA9-B400-7644B434898F}.Debug|Any CPU.ActiveCfg = Debug|Any CPU
		{D32B7113-D99C-4CA9-B400-7644B434898F}.Debug|Any CPU.Build.0 = Debug|Any CPU
		{D32B7113-D99C-4CA9-B400-7644B434898F}.Release|Any CPU.ActiveCfg = Release|Any CPU
		{D32B7113-D99C-4CA9-B400-7644B434898F}.Release|Any CPU.Build.0 = Release|Any CPU
	EndGlobalSection
	GlobalSection(SolutionProperties) = preSolution
		HideSolutionNode = FALSE
	EndGlobalSection
	GlobalSection(ExtensibilityGlobals) = postSolution
		SolutionGuid = {5E47503F-B910-4F38-991A-07A9EDA73031}
	EndGlobalSection
EndGlobal
