
Microsoft Visual Studio Solution File, Format Version 12.00
# Visual Studio Version 17
VisualStudioVersion = 17.5.33414.496
MinimumVisualStudioVersion = 10.0.40219.1
Project("{FAE04EC0-301F-11D3-BF4B-00C04F79EFBC}") = "loginProbaBackend", "loginProbaBackend\loginProbaBackend.csproj", "{0E71B469-6EA8-425D-BB99-4D73FF96F64D}"
EndProject
Global
	GlobalSection(SolutionConfigurationPlatforms) = preSolution
		Debug|Any CPU = Debug|Any CPU
		Release|Any CPU = Release|Any CPU
	EndGlobalSection
	GlobalSection(ProjectConfigurationPlatforms) = postSolution
		{0E71B469-6EA8-425D-BB99-4D73FF96F64D}.Debug|Any CPU.ActiveCfg = Debug|Any CPU
		{0E71B469-6EA8-425D-BB99-4D73FF96F64D}.Debug|Any CPU.Build.0 = Debug|Any CPU
		{0E71B469-6EA8-425D-BB99-4D73FF96F64D}.Release|Any CPU.ActiveCfg = Release|Any CPU
		{0E71B469-6EA8-425D-BB99-4D73FF96F64D}.Release|Any CPU.Build.0 = Release|Any CPU
	EndGlobalSection
	GlobalSection(SolutionProperties) = preSolution
		HideSolutionNode = FALSE
	EndGlobalSection
	GlobalSection(ExtensibilityGlobals) = postSolution
		SolutionGuid = {6D510B7C-E6A9-4BA8-AD94-B3403BD80197}
	EndGlobalSection
EndGlobal
